{
  "name": "techsworth.com",
  "lockfileVersion": 2,
  "requires": true,
  "packages": {
    "": {
      "dependencies": {
        "dig": "^0.0.6"
      }
    },
    "node_modules/dig": {
      "version": "0.0.6",
      "resolved": "https://registry.npmjs.org/dig/-/dig-0.0.6.tgz",
      "integrity": "sha512-2XEyWB7QmgXjv4jxkGUWdFy5sykxrgxPq2DR/rDBu/vTbzPRkhq4mLUzubhEDvi+1SQBOw8WrCrccWVU+pTSKA=="
    }
  },
  "dependencies": {
    "dig": {
      "version": "0.0.6",
      "resolved": "https://registry.npmjs.org/dig/-/dig-0.0.6.tgz",
      "integrity": "sha512-2XEyWB7QmgXjv4jxkGUWdFy5sykxrgxPq2DR/rDBu/vTbzPRkhq4mLUzubhEDvi+1SQBOw8WrCrccWVU+pTSKA=="
    }
  }
}
